
Microsoft Visual Studio Solution File, Format Version 12.00
# Visual Studio Version 17
VisualStudioVersion = 17.14.36202.13 d17.14
MinimumVisualStudioVersion = 10.0.40219.1
Project("{FAE04EC0-301F-11D3-BF4B-00C04F79EFBC}") = "POS_Prototype", "POS_Prototype\POS_Prototype.csproj", "{2F7EBCA0-C72E-4847-B5BF-91FE4B0B941D}"
EndProject
Global
	GlobalSection(SolutionConfigurationPlatforms) = preSolution
		Debug|Any CPU = Debug|Any CPU
		Release|Any CPU = Release|Any CPU
	EndGlobalSection
	GlobalSection(ProjectConfigurationPlatforms) = postSolution
		{2F7EBCA0-C72E-4847-B5BF-91FE4B0B941D}.Debug|Any CPU.ActiveCfg = Debug|Any CPU
		{2F7EBCA0-C72E-4847-B5BF-91FE4B0B941D}.Debug|Any CPU.Build.0 = Debug|Any CPU
		{2F7EBCA0-C72E-4847-B5BF-91FE4B0B941D}.Release|Any CPU.ActiveCfg = Release|Any CPU
		{2F7EBCA0-C72E-4847-B5BF-91FE4B0B941D}.Release|Any CPU.Build.0 = Release|Any CPU
	EndGlobalSection
	GlobalSection(SolutionProperties) = preSolution
		HideSolutionNode = FALSE
	EndGlobalSection
	GlobalSection(ExtensibilityGlobals) = postSolution
		SolutionGuid = {6AAA2D8C-E88D-4EAC-A061-4DBE7ADAF1C8}
	EndGlobalSection
EndGlobal
